
Microsoft Visual Studio Solution File, Format Version 12.00
# Visual Studio Version 16
VisualStudioVersion = 16.0.31229.75
MinimumVisualStudioVersion = 10.0.40219.1
Project("{9A19103F-16F7-4668-BE54-9A1E7A4F7556}") = "EnergyMeter", "EnergyMeter\EnergyMeter.csproj", "{43986B65-6A78-47E9-804B-703F947C039F}"
EndProject
Project("{FAE04EC0-301F-11D3-BF4B-00C04F79EFBC}") = "EnergyMeter.Demo", "EnergyMeter.Demo\EnergyMeter.Demo.csproj", "{F6BA4727-EA0A-49F3-84EA-7CC21A258DCA}"
EndProject
Global
	GlobalSection(SolutionConfigurationPlatforms) = preSolution
		Debug|Any CPU = Debug|Any CPU
		Release|Any CPU = Release|Any CPU
	EndGlobalSection
	GlobalSection(ProjectConfigurationPlatforms) = postSolution
		{43986B65-6A78-47E9-804B-703F947C039F}.Debug|Any CPU.ActiveCfg = Debug|Any CPU
		{43986B65-6A78-47E9-804B-703F947C039F}.Debug|Any CPU.Build.0 = Debug|Any CPU
		{43986B65-6A78-47E9-804B-703F947C039F}.Release|Any CPU.ActiveCfg = Release|Any CPU
		{43986B65-6A78-47E9-804B-703F947C039F}.Release|Any CPU.Build.0 = Release|Any CPU
		{F6BA4727-EA0A-49F3-84EA-7CC21A258DCA}.Debug|Any CPU.ActiveCfg = Debug|Any CPU
		{F6BA4727-EA0A-49F3-84EA-7CC21A258DCA}.Debug|Any CPU.Build.0 = Debug|Any CPU
		{F6BA4727-EA0A-49F3-84EA-7CC21A258DCA}.Release|Any CPU.ActiveCfg = Release|Any CPU
		{F6BA4727-EA0A-49F3-84EA-7CC21A258DCA}.Release|Any CPU.Build.0 = Release|Any CPU
	EndGlobalSection
	GlobalSection(SolutionProperties) = preSolution
		HideSolutionNode = FALSE
	EndGlobalSection
	GlobalSection(ExtensibilityGlobals) = postSolution
		SolutionGuid = {DE7E6F26-2822-4FEB-A2D3-3D2ADB6A0EBF}
	EndGlobalSection
EndGlobal
